// !$*UTF8*$!
{
	archiveVersion = 1;
	classes = {
	};
	objectVersion = 48;
	objects = {

/* Begin PBXBuildFile section */
		810370012057245400F907E6 /* MovingItem.swift in Sources */ = {isa = PBXBuildFile; fileRef = 810370002057245300F907E6 /* MovingItem.swift */; };
		810370032057247000F907E6 /* Bonus.swift in Sources */ = {isa = PBXBuildFile; fileRef = 810370022057247000F907E6 /* Bonus.swift */; };
		810370052057249800F907E6 /* ShuttleEnemy.swift in Sources */ = {isa = PBXBuildFile; fileRef = 810370042057249800F907E6 /* ShuttleEnemy.swift */; };
		81037007205724BF00F907E6 /* LaserShot.swift in Sources */ = {isa = PBXBuildFile; fileRef = 81037006205724BF00F907E6 /* LaserShot.swift */; };
		81037009205724D000F907E6 /* Asteroid.swift in Sources */ = {isa = PBXBuildFile; fileRef = 81037008205724D000F907E6 /* Asteroid.swift */; };
		8103700B2057251900F907E6 /* AnimatedItem.swift in Sources */ = {isa = PBXBuildFile; fileRef = 8103700A2057251900F907E6 /* AnimatedItem.swift */; };
		8103700D2057254F00F907E6 /* Shuttle.swift in Sources */ = {isa = PBXBuildFile; fileRef = 8103700C2057254F00F907E6 /* Shuttle.swift */; };
		8103700F2057255D00F907E6 /* PlayerStatistic.swift in Sources */ = {isa = PBXBuildFile; fileRef = 8103700E2057255D00F907E6 /* PlayerStatistic.swift */; };
		810370132057263F00F907E6 /* HeadupDisplay.swift in Sources */ = {isa = PBXBuildFile; fileRef = 810370122057263F00F907E6 /* HeadupDisplay.swift */; };
		813C6D62205E7B7700AEAD9E /* ShuttleEnemiesGenerator.swift in Sources */ = {isa = PBXBuildFile; fileRef = 813C6D61205E7B7600AEAD9E /* ShuttleEnemiesGenerator.swift */; };
		81802DEE2055507500B83EE5 /* AppDelegate.swift in Sources */ = {isa = PBXBuildFile; fileRef = 81802DED2055507500B83EE5 /* AppDelegate.swift */; };
		81802DF02055507500B83EE5 /* GameScene.sks in Resources */ = {isa = PBXBuildFile; fileRef = 81802DEF2055507500B83EE5 /* GameScene.sks */; };
		81802DF22055507500B83EE5 /* Actions.sks in Resources */ = {isa = PBXBuildFile; fileRef = 81802DF12055507500B83EE5 /* Actions.sks */; };
		81802DF42055507500B83EE5 /* GameScene.swift in Sources */ = {isa = PBXBuildFile; fileRef = 81802DF32055507500B83EE5 /* GameScene.swift */; };
		81802DF62055507500B83EE5 /* GameViewController.swift in Sources */ = {isa = PBXBuildFile; fileRef = 81802DF52055507500B83EE5 /* GameViewController.swift */; };
		81802DF92055507600B83EE5 /* Main.storyboard in Resources */ = {isa = PBXBuildFile; fileRef = 81802DF72055507500B83EE5 /* Main.storyboard */; };
		81802DFB2055507600B83EE5 /* Assets.xcassets in Resources */ = {isa = PBXBuildFile; fileRef = 81802DFA2055507600B83EE5 /* Assets.xcassets */; };
		81802DFE2055507600B83EE5 /* LaunchScreen.storyboard in Resources */ = {isa = PBXBuildFile; fileRef = 81802DFC2055507600B83EE5 /* LaunchScreen.storyboard */; };
		819063BD2061A8A5009C114C /* ProgressBar.swift in Sources */ = {isa = PBXBuildFile; fileRef = 819063BC2061A8A5009C114C /* ProgressBar.swift */; };
		81D193F3205DB60600F459BF /* Collisionable.swift in Sources */ = {isa = PBXBuildFile; fileRef = 81D193F2205DB60600F459BF /* Collisionable.swift */; };
		81D193F5205DCF0700F459BF /* Tools.swift in Sources */ = {isa = PBXBuildFile; fileRef = 81D193F4205DCF0600F459BF /* Tools.swift */; };
		81D193F8205DE2FC00F459BF /* ShuttlePlayer.swift in Sources */ = {isa = PBXBuildFile; fileRef = 81D193F7205DE2FC00F459BF /* ShuttlePlayer.swift */; };
		81FB7CE5205ABEC40072D2E7 /* StarsGenerator.swift in Sources */ = {isa = PBXBuildFile; fileRef = 81FB7CE4205ABEC40072D2E7 /* StarsGenerator.swift */; };
/* End PBXBuildFile section */

/* Begin PBXFileReference section */
		810370002057245300F907E6 /* MovingItem.swift */ = {isa = PBXFileReference; lastKnownFileType = sourcecode.swift; path = MovingItem.swift; sourceTree = "<group>"; };
		810370022057247000F907E6 /* Bonus.swift */ = {isa = PBXFileReference; lastKnownFileType = sourcecode.swift; path = Bonus.swift; sourceTree = "<group>"; };
		810370042057249800F907E6 /* ShuttleEnemy.swift */ = {isa = PBXFileReference; lastKnownFileType = sourcecode.swift; path = ShuttleEnemy.swift; sourceTree = "<group>"; };
		81037006205724BF00F907E6 /* LaserShot.swift */ = {isa = PBXFileReference; lastKnownFileType = sourcecode.swift; path = LaserShot.swift; sourceTree = "<group>"; };
		81037008205724D000F907E6 /* Asteroid.swift */ = {isa = PBXFileReference; lastKnownFileType = sourcecode.swift; path = Asteroid.swift; sourceTree = "<group>"; };
		8103700A2057251900F907E6 /* AnimatedItem.swift */ = {isa = PBXFileReference; lastKnownFileType = sourcecode.swift; path = AnimatedItem.swift; sourceTree = "<group>"; };
		8103700C2057254F00F907E6 /* Shuttle.swift */ = {isa = PBXFileReference; lastKnownFileType = sourcecode.swift; path = Shuttle.swift; sourceTree = "<group>"; };
		8103700E2057255D00F907E6 /* PlayerStatistic.swift */ = {isa = PBXFileReference; lastKnownFileType = sourcecode.swift; path = PlayerStatistic.swift; sourceTree = "<group>"; };
		810370122057263F00F907E6 /* HeadupDisplay.swift */ = {isa = PBXFileReference; lastKnownFileType = sourcecode.swift; path = HeadupDisplay.swift; sourceTree = "<group>"; };
		813C6D61205E7B7600AEAD9E /* ShuttleEnemiesGenerator.swift */ = {isa = PBXFileReference; lastKnownFileType = sourcecode.swift; path = ShuttleEnemiesGenerator.swift; sourceTree = "<group>"; };
		81802DEA2055507500B83EE5 /* Crash it.app */ = {isa = PBXFileReference; explicitFileType = wrapper.application; includeInIndex = 0; path = "Crash it.app"; sourceTree = BUILT_PRODUCTS_DIR; };
		81802DED2055507500B83EE5 /* AppDelegate.swift */ = {isa = PBXFileReference; lastKnownFileType = sourcecode.swift; path = AppDelegate.swift; sourceTree = "<group>"; };
		81802DEF2055507500B83EE5 /* GameScene.sks */ = {isa = PBXFileReference; lastKnownFileType = file.sks; path = GameScene.sks; sourceTree = "<group>"; };
		81802DF12055507500B83EE5 /* Actions.sks */ = {isa = PBXFileReference; lastKnownFileType = file.sks; path = Actions.sks; sourceTree = "<group>"; };
		81802DF32055507500B83EE5 /* GameScene.swift */ = {isa = PBXFileReference; lastKnownFileType = sourcecode.swift; path = GameScene.swift; sourceTree = "<group>"; };
		81802DF52055507500B83EE5 /* GameViewController.swift */ = {isa = PBXFileReference; lastKnownFileType = sourcecode.swift; path = GameViewController.swift; sourceTree = "<group>"; };
		81802DF82055507500B83EE5 /* Base */ = {isa = PBXFileReference; lastKnownFileType = file.storyboard; name = Base; path = Base.lproj/Main.storyboard; sourceTree = "<group>"; };
		81802DFA2055507600B83EE5 /* Assets.xcassets */ = {isa = PBXFileReference; lastKnownFileType = folder.assetcatalog; path = Assets.xcassets; sourceTree = "<group>"; };
		81802DFD2055507600B83EE5 /* Base */ = {isa = PBXFileReference; lastKnownFileType = file.storyboard; name = Base; path = Base.lproj/LaunchScreen.storyboard; sourceTree = "<group>"; };
		81802DFF2055507600B83EE5 /* Info.plist */ = {isa = PBXFileReference; lastKnownFileType = text.plist.xml; path = Info.plist; sourceTree = "<group>"; };
		819063BC2061A8A5009C114C /* ProgressBar.swift */ = {isa = PBXFileReference; lastKnownFileType = sourcecode.swift; path = ProgressBar.swift; sourceTree = "<group>"; };
		81D193F2205DB60600F459BF /* Collisionable.swift */ = {isa = PBXFileReference; lastKnownFileType = sourcecode.swift; path = Collisionable.swift; sourceTree = "<group>"; };
		81D193F4205DCF0600F459BF /* Tools.swift */ = {isa = PBXFileReference; lastKnownFileType = sourcecode.swift; path = Tools.swift; sourceTree = "<group>"; };
		81D193F7205DE2FC00F459BF /* ShuttlePlayer.swift */ = {isa = PBXFileReference; lastKnownFileType = sourcecode.swift; path = ShuttlePlayer.swift; sourceTree = "<group>"; };
		81FB7CE4205ABEC40072D2E7 /* StarsGenerator.swift */ = {isa = PBXFileReference; lastKnownFileType = sourcecode.swift; path = StarsGenerator.swift; sourceTree = "<group>"; };
/* End PBXFileReference section */

/* Begin PBXFrameworksBuildPhase section */
		81802DE72055507500B83EE5 /* Frameworks */ = {
			isa = PBXFrameworksBuildPhase;
			buildActionMask = 2147483647;
			files = (
			);
			runOnlyForDeploymentPostprocessing = 0;
		};
/* End PBXFrameworksBuildPhase section */

/* Begin PBXGroup section */
		81802DE12055507400B83EE5 = {
			isa = PBXGroup;
			children = (
				81802DEC2055507500B83EE5 /* Crash it */,
				81802DEB2055507500B83EE5 /* Products */,
			);
			sourceTree = "<group>";
		};
		81802DEB2055507500B83EE5 /* Products */ = {
			isa = PBXGroup;
			children = (
				81802DEA2055507500B83EE5 /* Crash it.app */,
			);
			name = Products;
			sourceTree = "<group>";
		};
		81802DEC2055507500B83EE5 /* Crash it */ = {
			isa = PBXGroup;
			children = (
				81802DED2055507500B83EE5 /* AppDelegate.swift */,
				81802DEF2055507500B83EE5 /* GameScene.sks */,
				81802DF12055507500B83EE5 /* Actions.sks */,
				81802DF32055507500B83EE5 /* GameScene.swift */,
				81802DF52055507500B83EE5 /* GameViewController.swift */,
				81802DF72055507500B83EE5 /* Main.storyboard */,
				81802DFA2055507600B83EE5 /* Assets.xcassets */,
				81802DFC2055507600B83EE5 /* LaunchScreen.storyboard */,
				81802DFF2055507600B83EE5 /* Info.plist */,
				81D193F6205DE28700F459BF /* Shuttle */,
				810370002057245300F907E6 /* MovingItem.swift */,
				8103700A2057251900F907E6 /* AnimatedItem.swift */,
				8103700E2057255D00F907E6 /* PlayerStatistic.swift */,
				810370122057263F00F907E6 /* HeadupDisplay.swift */,
				810370022057247000F907E6 /* Bonus.swift */,
				81037006205724BF00F907E6 /* LaserShot.swift */,
				81037008205724D000F907E6 /* Asteroid.swift */,
				81FB7CE4205ABEC40072D2E7 /* StarsGenerator.swift */,
				81D193F2205DB60600F459BF /* Collisionable.swift */,
				81D193F4205DCF0600F459BF /* Tools.swift */,
				819063BC2061A8A5009C114C /* ProgressBar.swift */,
			);
			path = "Crash it";
			sourceTree = "<group>";
		};
		81D193F6205DE28700F459BF /* Shuttle */ = {
			isa = PBXGroup;
			children = (
				8103700C2057254F00F907E6 /* Shuttle.swift */,
				81D193F7205DE2FC00F459BF /* ShuttlePlayer.swift */,
				810370042057249800F907E6 /* ShuttleEnemy.swift */,
				813C6D61205E7B7600AEAD9E /* ShuttleEnemiesGenerator.swift */,
			);
			path = Shuttle;
			sourceTree = "<group>";
		};
/* End PBXGroup section */

/* Begin PBXNativeTarget section */
		81802DE92055507500B83EE5 /* Crash it */ = {
			isa = PBXNativeTarget;
			buildConfigurationList = 81802E022055507600B83EE5 /* Build configuration list for PBXNativeTarget "Crash it" */;
			buildPhases = (
				81802DE62055507500B83EE5 /* Sources */,
				81802DE72055507500B83EE5 /* Frameworks */,
				81802DE82055507500B83EE5 /* Resources */,
			);
			buildRules = (
			);
			dependencies = (
			);
			name = "Crash it";
			productName = "Crash it";
			productReference = 81802DEA2055507500B83EE5 /* Crash it.app */;
			productType = "com.apple.product-type.application";
		};
/* End PBXNativeTarget section */

/* Begin PBXProject section */
		81802DE22055507400B83EE5 /* Project object */ = {
			isa = PBXProject;
			attributes = {
				LastSwiftUpdateCheck = 0920;
				LastUpgradeCheck = 0920;
				ORGANIZATIONNAME = "Olivier Picard";
				TargetAttributes = {
					81802DE92055507500B83EE5 = {
						CreatedOnToolsVersion = 9.2;
						ProvisioningStyle = Automatic;
					};
				};
			};
			buildConfigurationList = 81802DE52055507400B83EE5 /* Build configuration list for PBXProject "Crash it" */;
			compatibilityVersion = "Xcode 8.0";
			developmentRegion = en;
			hasScannedForEncodings = 0;
			knownRegions = (
				en,
				Base,
			);
			mainGroup = 81802DE12055507400B83EE5;
			productRefGroup = 81802DEB2055507500B83EE5 /* Products */;
			projectDirPath = "";
			projectRoot = "";
			targets = (
				81802DE92055507500B83EE5 /* Crash it */,
			);
		};
/* End PBXProject section */

/* Begin PBXResourcesBuildPhase section */
		81802DE82055507500B83EE5 /* Resources */ = {
			isa = PBXResourcesBuildPhase;
			buildActionMask = 2147483647;
			files = (
				81802DF92055507600B83EE5 /* Main.storyboard in Resources */,
				81802DF02055507500B83EE5 /* GameScene.sks in Resources */,
				81802DFB2055507600B83EE5 /* Assets.xcassets in Resources */,
				81802DFE2055507600B83EE5 /* LaunchScreen.storyboard in Resources */,
				81802DF22055507500B83EE5 /* Actions.sks in Resources */,
			);
			runOnlyForDeploymentPostprocessing = 0;
		};
/* End PBXResourcesBuildPhase section */

/* Begin PBXSourcesBuildPhase section */
		81802DE62055507500B83EE5 /* Sources */ = {
			isa = PBXSourcesBuildPhase;
			buildActionMask = 2147483647;
			files = (
				813C6D62205E7B7700AEAD9E /* ShuttleEnemiesGenerator.swift in Sources */,
				81037007205724BF00F907E6 /* LaserShot.swift in Sources */,
				81802DF42055507500B83EE5 /* GameScene.swift in Sources */,
				810370032057247000F907E6 /* Bonus.swift in Sources */,
				819063BD2061A8A5009C114C /* ProgressBar.swift in Sources */,
				810370052057249800F907E6 /* ShuttleEnemy.swift in Sources */,
				81D193F8205DE2FC00F459BF /* ShuttlePlayer.swift in Sources */,
				81037009205724D000F907E6 /* Asteroid.swift in Sources */,
				8103700B2057251900F907E6 /* AnimatedItem.swift in Sources */,
				81802DF62055507500B83EE5 /* GameViewController.swift in Sources */,
				810370012057245400F907E6 /* MovingItem.swift in Sources */,
				810370132057263F00F907E6 /* HeadupDisplay.swift in Sources */,
				81D193F5205DCF0700F459BF /* Tools.swift in Sources */,
				8103700D2057254F00F907E6 /* Shuttle.swift in Sources */,
				8103700F2057255D00F907E6 /* PlayerStatistic.swift in Sources */,
				81FB7CE5205ABEC40072D2E7 /* StarsGenerator.swift in Sources */,
				81802DEE2055507500B83EE5 /* AppDelegate.swift in Sources */,
				81D193F3205DB60600F459BF /* Collisionable.swift in Sources */,
			);
			runOnlyForDeploymentPostprocessing = 0;
		};
/* End PBXSourcesBuildPhase section */

/* Begin PBXVariantGroup section */
		81802DF72055507500B83EE5 /* Main.storyboard */ = {
			isa = PBXVariantGroup;
			children = (
				81802DF82055507500B83EE5 /* Base */,
			);
			name = Main.storyboard;
			sourceTree = "<group>";
		};
		81802DFC2055507600B83EE5 /* LaunchScreen.storyboard */ = {
			isa = PBXVariantGroup;
			children = (
				81802DFD2055507600B83EE5 /* Base */,
			);
			name = LaunchScreen.storyboard;
			sourceTree = "<group>";
		};
/* End PBXVariantGroup section */

/* Begin XCBuildConfiguration section */
		81802E002055507600B83EE5 /* Debug */ = {
			isa = XCBuildConfiguration;
			buildSettings = {
				ALWAYS_SEARCH_USER_PATHS = NO;
				CLANG_ANALYZER_NONNULL = YES;
				CLANG_ANALYZER_NUMBER_OBJECT_CONVERSION = YES_AGGRESSIVE;
				CLANG_CXX_LANGUAGE_STANDARD = "gnu++14";
				CLANG_CXX_LIBRARY = "libc++";
				CLANG_ENABLE_MODULES = YES;
				CLANG_ENABLE_OBJC_ARC = YES;
				CLANG_WARN_BLOCK_CAPTURE_AUTORELEASING = YES;
				CLANG_WARN_BOOL_CONVERSION = YES;
				CLANG_WARN_COMMA = YES;
				CLANG_WARN_CONSTANT_CONVERSION = YES;
				CLANG_WARN_DIRECT_OBJC_ISA_USAGE = YES_ERROR;
				CLANG_WARN_DOCUMENTATION_COMMENTS = YES;
				CLANG_WARN_EMPTY_BODY = YES;
				CLANG_WARN_ENUM_CONVERSION = YES;
				CLANG_WARN_INFINITE_RECURSION = YES;
				CLANG_WARN_INT_CONVERSION = YES;
				CLANG_WARN_NON_LITERAL_NULL_CONVERSION = YES;
				CLANG_WARN_OBJC_LITERAL_CONVERSION = YES;
				CLANG_WARN_OBJC_ROOT_CLASS = YES_ERROR;
				CLANG_WARN_RANGE_LOOP_ANALYSIS = YES;
				CLANG_WARN_STRICT_PROTOTYPES = YES;
				CLANG_WARN_SUSPICIOUS_MOVE = YES;
				CLANG_WARN_UNGUARDED_AVAILABILITY = YES_AGGRESSIVE;
				CLANG_WARN_UNREACHABLE_CODE = YES;
				CLANG_WARN__DUPLICATE_METHOD_MATCH = YES;
				CODE_SIGN_IDENTITY = "iPhone Developer";
				COPY_PHASE_STRIP = NO;
				DEBUG_INFORMATION_FORMAT = dwarf;
				ENABLE_STRICT_OBJC_MSGSEND = YES;
				ENABLE_TESTABILITY = YES;
				GCC_C_LANGUAGE_STANDARD = gnu11;
				GCC_DYNAMIC_NO_PIC = NO;
				GCC_NO_COMMON_BLOCKS = YES;
				GCC_OPTIMIZATION_LEVEL = 0;
				GCC_PREPROCESSOR_DEFINITIONS = (
					"DEBUG=1",
					"$(inherited)",
				);
				GCC_WARN_64_TO_32_BIT_CONVERSION = YES;
				GCC_WARN_ABOUT_RETURN_TYPE = YES_ERROR;
				GCC_WARN_UNDECLARED_SELECTOR = YES;
				GCC_WARN_UNINITIALIZED_AUTOS = YES_AGGRESSIVE;
				GCC_WARN_UNUSED_FUNCTION = YES;
				GCC_WARN_UNUSED_VARIABLE = YES;
				IPHONEOS_DEPLOYMENT_TARGET = 11.2;
				MTL_ENABLE_DEBUG_INFO = YES;
				ONLY_ACTIVE_ARCH = YES;
				SDKROOT = iphoneos;
				SWIFT_ACTIVE_COMPILATION_CONDITIONS = DEBUG;
				SWIFT_OPTIMIZATION_LEVEL = "-Onone";
			};
			name = Debug;
		};
		81802E012055507600B83EE5 /* Release */ = {
			isa = XCBuildConfiguration;
			buildSettings = {
				ALWAYS_SEARCH_USER_PATHS = NO;
				CLANG_ANALYZER_NONNULL = YES;
				CLANG_ANALYZER_NUMBER_OBJECT_CONVERSION = YES_AGGRESSIVE;
				CLANG_CXX_LANGUAGE_STANDARD = "gnu++14";
				CLANG_CXX_LIBRARY = "libc++";
				CLANG_ENABLE_MODULES = YES;
				CLANG_ENABLE_OBJC_ARC = YES;
				CLANG_WARN_BLOCK_CAPTURE_AUTORELEASING = YES;
				CLANG_WARN_BOOL_CONVERSION = YES;
				CLANG_WARN_COMMA = YES;
				CLANG_WARN_CONSTANT_CONVERSION = YES;
				CLANG_WARN_DIRECT_OBJC_ISA_USAGE = YES_ERROR;
				CLANG_WARN_DOCUMENTATION_COMMENTS = YES;
				CLANG_WARN_EMPTY_BODY = YES;
				CLANG_WARN_ENUM_CONVERSION = YES;
				CLANG_WARN_INFINITE_RECURSION = YES;
				CLANG_WARN_INT_CONVERSION = YES;
				CLANG_WARN_NON_LITERAL_NULL_CONVERSION = YES;
				CLANG_WARN_OBJC_LITERAL_CONVERSION = YES;
				CLANG_WARN_OBJC_ROOT_CLASS = YES_ERROR;
				CLANG_WARN_RANGE_LOOP_ANALYSIS = YES;
				CLANG_WARN_STRICT_PROTOTYPES = YES;
				CLANG_WARN_SUSPICIOUS_MOVE = YES;
				CLANG_WARN_UNGUARDED_AVAILABILITY = YES_AGGRESSIVE;
				CLANG_WARN_UNREACHABLE_CODE = YES;
				CLANG_WARN__DUPLICATE_METHOD_MATCH = YES;
				CODE_SIGN_IDENTITY = "iPhone Developer";
				COPY_PHASE_STRIP = NO;
				DEBUG_INFORMATION_FORMAT = "dwarf-with-dsym";
				ENABLE_NS_ASSERTIONS = NO;
				ENABLE_STRICT_OBJC_MSGSEND = YES;
				GCC_C_LANGUAGE_STANDARD = gnu11;
				GCC_NO_COMMON_BLOCKS = YES;
				GCC_WARN_64_TO_32_BIT_CONVERSION = YES;
				GCC_WARN_ABOUT_RETURN_TYPE = YES_ERROR;
				GCC_WARN_UNDECLARED_SELECTOR = YES;
				GCC_WARN_UNINITIALIZED_AUTOS = YES_AGGRESSIVE;
				GCC_WARN_UNUSED_FUNCTION = YES;
				GCC_WARN_UNUSED_VARIABLE = YES;
				IPHONEOS_DEPLOYMENT_TARGET = 11.2;
				MTL_ENABLE_DEBUG_INFO = NO;
				SDKROOT = iphoneos;
				SWIFT_OPTIMIZATION_LEVEL = "-Owholemodule";
				VALIDATE_PRODUCT = YES;
			};
			name = Release;
		};
		81802E032055507600B83EE5 /* Debug */ = {
			isa = XCBuildConfiguration;
			buildSettings = {
				ASSETCATALOG_COMPILER_APPICON_NAME = AppIcon;
				CODE_SIGN_STYLE = Automatic;
				DEVELOPMENT_TEAM = 5MSAR5N3G6;
				INFOPLIST_FILE = "Crash it/Info.plist";
				LD_RUNPATH_SEARCH_PATHS = "$(inherited) @executable_path/Frameworks";
				PRODUCT_BUNDLE_IDENTIFIER = "OlivierPicard.Crash-it";
				PRODUCT_NAME = "$(TARGET_NAME)";
				SWIFT_VERSION = 4.0;
				TARGETED_DEVICE_FAMILY = "1,2";
			};
			name = Debug;
		};
		81802E042055507600B83EE5 /* Release */ = {
			isa = XCBuildConfiguration;
			buildSettings = {
				ASSETCATALOG_COMPILER_APPICON_NAME = AppIcon;
				CODE_SIGN_STYLE = Automatic;
				DEVELOPMENT_TEAM = 5MSAR5N3G6;
				INFOPLIST_FILE = "Crash it/Info.plist";
				LD_RUNPATH_SEARCH_PATHS = "$(inherited) @executable_path/Frameworks";
				PRODUCT_BUNDLE_IDENTIFIER = "OlivierPicard.Crash-it";
				PRODUCT_NAME = "$(TARGET_NAME)";
				SWIFT_VERSION = 4.0;
				TARGETED_DEVICE_FAMILY = "1,2";
			};
			name = Release;
		};
/* End XCBuildConfiguration section */

/* Begin XCConfigurationList section */
		81802DE52055507400B83EE5 /* Build configuration list for PBXProject "Crash it" */ = {
			isa = XCConfigurationList;
			buildConfigurations = (
				81802E002055507600B83EE5 /* Debug */,
				81802E012055507600B83EE5 /* Release */,
			);
			defaultConfigurationIsVisible = 0;
			defaultConfigurationName = Release;
		};
		81802E022055507600B83EE5 /* Build configuration list for PBXNativeTarget "Crash it" */ = {
			isa = XCConfigurationList;
			buildConfigurations = (
				81802E032055507600B83EE5 /* Debug */,
				81802E042055507600B83EE5 /* Release */,
			);
			defaultConfigurationIsVisible = 0;
			defaultConfigurationName = Release;
		};
/* End XCConfigurationList section */
	};
	rootObject = 81802DE22055507400B83EE5 /* Project object */;
}
